// !$*UTF8*$!
{
	archiveVersion = 1;
	classes = {
	};
	objectVersion = 50;
	objects = {

/* Begin PBXBuildFile section */
		0CCF49047E174FE18D403D26 /* libPods-FoursquareAPIChallenge.a in Frameworks */ = {isa = PBXBuildFile; fileRef = B574AA08E2A8BAABC4C75931 /* libPods-FoursquareAPIChallenge.a */; };
		870AC35F21C54F96003C20BC /* AppDelegate.m in Sources */ = {isa = PBXBuildFile; fileRef = 870AC35E21C54F96003C20BC /* AppDelegate.m */; };
		870AC36521C54F96003C20BC /* Main.storyboard in Resources */ = {isa = PBXBuildFile; fileRef = 870AC36321C54F96003C20BC /* Main.storyboard */; };
		870AC36721C54F97003C20BC /* Assets.xcassets in Resources */ = {isa = PBXBuildFile; fileRef = 870AC36621C54F97003C20BC /* Assets.xcassets */; };
		870AC36A21C54F97003C20BC /* LaunchScreen.storyboard in Resources */ = {isa = PBXBuildFile; fileRef = 870AC36821C54F97003C20BC /* LaunchScreen.storyboard */; };
		870AC36D21C54F97003C20BC /* main.m in Sources */ = {isa = PBXBuildFile; fileRef = 870AC36C21C54F97003C20BC /* main.m */; };
		870AC37721C54F97003C20BC /* FoursquareAPIChallengeTests.m in Sources */ = {isa = PBXBuildFile; fileRef = 870AC37621C54F97003C20BC /* FoursquareAPIChallengeTests.m */; };
		870AC38E21C56686003C20BC /* UIFont+FACAdditions.m in Sources */ = {isa = PBXBuildFile; fileRef = 870AC38D21C56686003C20BC /* UIFont+FACAdditions.m */; };
		870AC39221C5882D003C20BC /* UITextField+FACAdditions.m in Sources */ = {isa = PBXBuildFile; fileRef = 870AC39121C5882D003C20BC /* UITextField+FACAdditions.m */; };
		87A4A1B121C65DB40095B00C /* FACVenuesListTableViewController.m in Sources */ = {isa = PBXBuildFile; fileRef = 87A4A1B021C65DB40095B00C /* FACVenuesListTableViewController.m */; };
		87A4A1B421C66BF00095B00C /* FACBaseRequest.m in Sources */ = {isa = PBXBuildFile; fileRef = 87A4A1B321C66BF00095B00C /* FACBaseRequest.m */; };
		87A4A1B721C674C00095B00C /* FACSearchVenuesResponse.m in Sources */ = {isa = PBXBuildFile; fileRef = 87A4A1B621C674C00095B00C /* FACSearchVenuesResponse.m */; };
		87A4A1BB21C675460095B00C /* FACVenue.m in Sources */ = {isa = PBXBuildFile; fileRef = 87A4A1BA21C675460095B00C /* FACVenue.m */; };
		87A4A1BE21C6758F0095B00C /* FACLocation.m in Sources */ = {isa = PBXBuildFile; fileRef = 87A4A1BD21C6758F0095B00C /* FACLocation.m */; };
		87A4A1C421C6918D0095B00C /* FACVenuesListFlow.m in Sources */ = {isa = PBXBuildFile; fileRef = 87A4A1C321C6918D0095B00C /* FACVenuesListFlow.m */; };
		87A4A1C721C6B18F0095B00C /* FACDetailsVenueResponse.m in Sources */ = {isa = PBXBuildFile; fileRef = 87A4A1C621C6B18F0095B00C /* FACDetailsVenueResponse.m */; };
		87A4A1CA21C6BB260095B00C /* FACDetailsVenueRequest.m in Sources */ = {isa = PBXBuildFile; fileRef = 87A4A1C921C6BB260095B00C /* FACDetailsVenueRequest.m */; };
		87A4A1CD21C6C14A0095B00C /* UIView+FACAdditions.m in Sources */ = {isa = PBXBuildFile; fileRef = 87A4A1CC21C6C14A0095B00C /* UIView+FACAdditions.m */; };
		87A4A1D021C6F2780095B00C /* UIViewController+FACAdditions.m in Sources */ = {isa = PBXBuildFile; fileRef = 87A4A1CF21C6F2780095B00C /* UIViewController+FACAdditions.m */; };
		87A4A1DE21C6FD530095B00C /* SF-Pro-Text-Bold.otf in Resources */ = {isa = PBXBuildFile; fileRef = 87A4A1DB21C6F9690095B00C /* SF-Pro-Text-Bold.otf */; };
		87A4A1DF21C6FD530095B00C /* SF-Pro-Text-Light.otf in Resources */ = {isa = PBXBuildFile; fileRef = 87A4A1D821C6F9690095B00C /* SF-Pro-Text-Light.otf */; };
		87A4A1E021C6FD530095B00C /* SF-Pro-Text-Medium.otf in Resources */ = {isa = PBXBuildFile; fileRef = 87A4A1DD21C6F96A0095B00C /* SF-Pro-Text-Medium.otf */; };
		87A4A1E121C6FD530095B00C /* SF-Pro-Text-Regular.otf in Resources */ = {isa = PBXBuildFile; fileRef = 87A4A1D421C6F9690095B00C /* SF-Pro-Text-Regular.otf */; };
		87A4A1E221C6FD530095B00C /* SF-Pro-Text-Semibold.otf in Resources */ = {isa = PBXBuildFile; fileRef = 87A4A1D721C6F9690095B00C /* SF-Pro-Text-Semibold.otf */; };
		87B6F5A821C70C660064EE14 /* FACLoadingView.m in Sources */ = {isa = PBXBuildFile; fileRef = 87B6F5A721C70C660064EE14 /* FACLoadingView.m */; };
		87B6F5AA21C70C810064EE14 /* FACLoadingView.xib in Resources */ = {isa = PBXBuildFile; fileRef = 87B6F5A921C70C810064EE14 /* FACLoadingView.xib */; };
		87F389E221C58F4100B5F397 /* UIButton+FACAdditions.m in Sources */ = {isa = PBXBuildFile; fileRef = 87F389E121C58F4100B5F397 /* UIButton+FACAdditions.m */; };
		87F389E521C5969E00B5F397 /* FACMainPageViewController.m in Sources */ = {isa = PBXBuildFile; fileRef = 87F389E421C5969E00B5F397 /* FACMainPageViewController.m */; };
		87F389E721C59B2400B5F397 /* FACPlaceCellTableViewCell.xib in Resources */ = {isa = PBXBuildFile; fileRef = 87F389E621C59B2400B5F397 /* FACPlaceCellTableViewCell.xib */; };
		87F389EA21C59F2100B5F397 /* FACPlaceCellTableViewCell.m in Sources */ = {isa = PBXBuildFile; fileRef = 87F389E921C59F2100B5F397 /* FACPlaceCellTableViewCell.m */; };
		87F389F221C5A5D900B5F397 /* FACPlaceView.m in Sources */ = {isa = PBXBuildFile; fileRef = 87F389F121C5A5D900B5F397 /* FACPlaceView.m */; };
		87F389F421C5A5EA00B5F397 /* FACPlaceView.xib in Resources */ = {isa = PBXBuildFile; fileRef = 87F389F321C5A5EA00B5F397 /* FACPlaceView.xib */; };
		87F38A0621C6408B00B5F397 /* FACNetworkManager.m in Sources */ = {isa = PBXBuildFile; fileRef = 87F389FC21C6408B00B5F397 /* FACNetworkManager.m */; };
		87F38A0B21C6449600B5F397 /* FACSearchVenuesRequest.m in Sources */ = {isa = PBXBuildFile; fileRef = 87F38A0A21C6449600B5F397 /* FACSearchVenuesRequest.m */; };
		87F38A0F21C649C000B5F397 /* FACMainPageFlow.m in Sources */ = {isa = PBXBuildFile; fileRef = 87F38A0E21C649C000B5F397 /* FACMainPageFlow.m */; };
		F62B90850368D783A9048FD0 /* libPods-FoursquareAPIChallengeTests.a in Frameworks */ = {isa = PBXBuildFile; fileRef = 503490AC2143E287DB033DCE /* libPods-FoursquareAPIChallengeTests.a */; };
/* End PBXBuildFile section */

/* Begin PBXContainerItemProxy section */
		870AC37321C54F97003C20BC /* PBXContainerItemProxy */ = {
			isa = PBXContainerItemProxy;
			containerPortal = 870AC35221C54F96003C20BC /* Project object */;
			proxyType = 1;
			remoteGlobalIDString = 870AC35921C54F96003C20BC;
			remoteInfo = FoursquareAPIChallenge;
		};
/* End PBXContainerItemProxy section */

/* Begin PBXFileReference section */
		503490AC2143E287DB033DCE /* libPods-FoursquareAPIChallengeTests.a */ = {isa = PBXFileReference; explicitFileType = archive.ar; includeInIndex = 0; path = "libPods-FoursquareAPIChallengeTests.a"; sourceTree = BUILT_PRODUCTS_DIR; };
		598A36BBB5E04E4C43A7E585 /* Pods-FoursquareAPIChallengeTests.debug.xcconfig */ = {isa = PBXFileReference; includeInIndex = 1; lastKnownFileType = text.xcconfig; name = "Pods-FoursquareAPIChallengeTests.debug.xcconfig"; path = "Pods/Target Support Files/Pods-FoursquareAPIChallengeTests/Pods-FoursquareAPIChallengeTests.debug.xcconfig"; sourceTree = "<group>"; };
		7C4682D1B925AC33A2EFC2E4 /* Pods-FoursquareAPIChallenge.release.xcconfig */ = {isa = PBXFileReference; includeInIndex = 1; lastKnownFileType = text.xcconfig; name = "Pods-FoursquareAPIChallenge.release.xcconfig"; path = "Pods/Target Support Files/Pods-FoursquareAPIChallenge/Pods-FoursquareAPIChallenge.release.xcconfig"; sourceTree = "<group>"; };
		870AC35A21C54F96003C20BC /* FoursquareAPIChallenge.app */ = {isa = PBXFileReference; explicitFileType = wrapper.application; includeInIndex = 0; path = FoursquareAPIChallenge.app; sourceTree = BUILT_PRODUCTS_DIR; };
		870AC35D21C54F96003C20BC /* AppDelegate.h */ = {isa = PBXFileReference; lastKnownFileType = sourcecode.c.h; path = AppDelegate.h; sourceTree = "<group>"; };
		870AC35E21C54F96003C20BC /* AppDelegate.m */ = {isa = PBXFileReference; lastKnownFileType = sourcecode.c.objc; path = AppDelegate.m; sourceTree = "<group>"; };
		870AC36421C54F96003C20BC /* Base */ = {isa = PBXFileReference; lastKnownFileType = file.storyboard; name = Base; path = Base.lproj/Main.storyboard; sourceTree = "<group>"; };
		870AC36621C54F97003C20BC /* Assets.xcassets */ = {isa = PBXFileReference; lastKnownFileType = folder.assetcatalog; path = Assets.xcassets; sourceTree = "<group>"; };
		870AC36921C54F97003C20BC /* Base */ = {isa = PBXFileReference; lastKnownFileType = file.storyboard; name = Base; path = Base.lproj/LaunchScreen.storyboard; sourceTree = "<group>"; };
		870AC36B21C54F97003C20BC /* Info.plist */ = {isa = PBXFileReference; lastKnownFileType = text.plist.xml; path = Info.plist; sourceTree = "<group>"; };
		870AC36C21C54F97003C20BC /* main.m */ = {isa = PBXFileReference; lastKnownFileType = sourcecode.c.objc; path = main.m; sourceTree = "<group>"; };
		870AC37221C54F97003C20BC /* FoursquareAPIChallengeTests.xctest */ = {isa = PBXFileReference; explicitFileType = wrapper.cfbundle; includeInIndex = 0; path = FoursquareAPIChallengeTests.xctest; sourceTree = BUILT_PRODUCTS_DIR; };
		870AC37621C54F97003C20BC /* FoursquareAPIChallengeTests.m */ = {isa = PBXFileReference; lastKnownFileType = sourcecode.c.objc; path = FoursquareAPIChallengeTests.m; sourceTree = "<group>"; };
		870AC37821C54F97003C20BC /* Info.plist */ = {isa = PBXFileReference; lastKnownFileType = text.plist.xml; path = Info.plist; sourceTree = "<group>"; };
		870AC38C21C56686003C20BC /* UIFont+FACAdditions.h */ = {isa = PBXFileReference; lastKnownFileType = sourcecode.c.h; path = "UIFont+FACAdditions.h"; sourceTree = "<group>"; };
		870AC38D21C56686003C20BC /* UIFont+FACAdditions.m */ = {isa = PBXFileReference; lastKnownFileType = sourcecode.c.objc; path = "UIFont+FACAdditions.m"; sourceTree = "<group>"; };
		870AC38F21C5673E003C20BC /* FACPrefixHeader.pch */ = {isa = PBXFileReference; lastKnownFileType = sourcecode.c.h; path = FACPrefixHeader.pch; sourceTree = "<group>"; };
		870AC39021C5882D003C20BC /* UITextField+FACAdditions.h */ = {isa = PBXFileReference; lastKnownFileType = sourcecode.c.h; path = "UITextField+FACAdditions.h"; sourceTree = "<group>"; };
		870AC39121C5882D003C20BC /* UITextField+FACAdditions.m */ = {isa = PBXFileReference; lastKnownFileType = sourcecode.c.objc; path = "UITextField+FACAdditions.m"; sourceTree = "<group>"; };
		87A4A1AF21C65DB40095B00C /* FACVenuesListTableViewController.h */ = {isa = PBXFileReference; lastKnownFileType = sourcecode.c.h; path = FACVenuesListTableViewController.h; sourceTree = "<group>"; };
		87A4A1B021C65DB40095B00C /* FACVenuesListTableViewController.m */ = {isa = PBXFileReference; lastKnownFileType = sourcecode.c.objc; path = FACVenuesListTableViewController.m; sourceTree = "<group>"; };
		87A4A1B221C66BF00095B00C /* FACBaseRequest.h */ = {isa = PBXFileReference; lastKnownFileType = sourcecode.c.h; path = FACBaseRequest.h; sourceTree = "<group>"; };
		87A4A1B321C66BF00095B00C /* FACBaseRequest.m */ = {isa = PBXFileReference; lastKnownFileType = sourcecode.c.objc; path = FACBaseRequest.m; sourceTree = "<group>"; };
		87A4A1B521C674C00095B00C /* FACSearchVenuesResponse.h */ = {isa = PBXFileReference; lastKnownFileType = sourcecode.c.h; path = FACSearchVenuesResponse.h; sourceTree = "<group>"; };
		87A4A1B621C674C00095B00C /* FACSearchVenuesResponse.m */ = {isa = PBXFileReference; lastKnownFileType = sourcecode.c.objc; path = FACSearchVenuesResponse.m; sourceTree = "<group>"; };
		87A4A1B921C675460095B00C /* FACVenue.h */ = {isa = PBXFileReference; lastKnownFileType = sourcecode.c.h; path = FACVenue.h; sourceTree = "<group>"; };
		87A4A1BA21C675460095B00C /* FACVenue.m */ = {isa = PBXFileReference; lastKnownFileType = sourcecode.c.objc; path = FACVenue.m; sourceTree = "<group>"; };
		87A4A1BC21C6758F0095B00C /* FACLocation.h */ = {isa = PBXFileReference; lastKnownFileType = sourcecode.c.h; path = FACLocation.h; sourceTree = "<group>"; };
		87A4A1BD21C6758F0095B00C /* FACLocation.m */ = {isa = PBXFileReference; lastKnownFileType = sourcecode.c.objc; path = FACLocation.m; sourceTree = "<group>"; };
		87A4A1C221C6918D0095B00C /* FACVenuesListFlow.h */ = {isa = PBXFileReference; lastKnownFileType = sourcecode.c.h; path = FACVenuesListFlow.h; sourceTree = "<group>"; };
		87A4A1C321C6918D0095B00C /* FACVenuesListFlow.m */ = {isa = PBXFileReference; lastKnownFileType = sourcecode.c.objc; path = FACVenuesListFlow.m; sourceTree = "<group>"; };
		87A4A1C521C6B18F0095B00C /* FACDetailsVenueResponse.h */ = {isa = PBXFileReference; lastKnownFileType = sourcecode.c.h; path = FACDetailsVenueResponse.h; sourceTree = "<group>"; };
		87A4A1C621C6B18F0095B00C /* FACDetailsVenueResponse.m */ = {isa = PBXFileReference; lastKnownFileType = sourcecode.c.objc; path = FACDetailsVenueResponse.m; sourceTree = "<group>"; };
		87A4A1C821C6BB260095B00C /* FACDetailsVenueRequest.h */ = {isa = PBXFileReference; lastKnownFileType = sourcecode.c.h; path = FACDetailsVenueRequest.h; sourceTree = "<group>"; };
		87A4A1C921C6BB260095B00C /* FACDetailsVenueRequest.m */ = {isa = PBXFileReference; lastKnownFileType = sourcecode.c.objc; path = FACDetailsVenueRequest.m; sourceTree = "<group>"; };
		87A4A1CB21C6C14A0095B00C /* UIView+FACAdditions.h */ = {isa = PBXFileReference; lastKnownFileType = sourcecode.c.h; path = "UIView+FACAdditions.h"; sourceTree = "<group>"; };
		87A4A1CC21C6C14A0095B00C /* UIView+FACAdditions.m */ = {isa = PBXFileReference; lastKnownFileType = sourcecode.c.objc; path = "UIView+FACAdditions.m"; sourceTree = "<group>"; };
		87A4A1CE21C6F2780095B00C /* UIViewController+FACAdditions.h */ = {isa = PBXFileReference; lastKnownFileType = sourcecode.c.h; path = "UIViewController+FACAdditions.h"; sourceTree = "<group>"; };
		87A4A1CF21C6F2780095B00C /* UIViewController+FACAdditions.m */ = {isa = PBXFileReference; lastKnownFileType = sourcecode.c.objc; path = "UIViewController+FACAdditions.m"; sourceTree = "<group>"; };
		87A4A1D421C6F9690095B00C /* SF-Pro-Text-Regular.otf */ = {isa = PBXFileReference; lastKnownFileType = file; path = "SF-Pro-Text-Regular.otf"; sourceTree = "<group>"; };
		87A4A1D721C6F9690095B00C /* SF-Pro-Text-Semibold.otf */ = {isa = PBXFileReference; lastKnownFileType = file; path = "SF-Pro-Text-Semibold.otf"; sourceTree = "<group>"; };
		87A4A1D821C6F9690095B00C /* SF-Pro-Text-Light.otf */ = {isa = PBXFileReference; lastKnownFileType = file; path = "SF-Pro-Text-Light.otf"; sourceTree = "<group>"; };
		87A4A1DB21C6F9690095B00C /* SF-Pro-Text-Bold.otf */ = {isa = PBXFileReference; lastKnownFileType = file; path = "SF-Pro-Text-Bold.otf"; sourceTree = "<group>"; };
		87A4A1DD21C6F96A0095B00C /* SF-Pro-Text-Medium.otf */ = {isa = PBXFileReference; lastKnownFileType = file; path = "SF-Pro-Text-Medium.otf"; sourceTree = "<group>"; };
		87B6F5A621C70C660064EE14 /* FACLoadingView.h */ = {isa = PBXFileReference; lastKnownFileType = sourcecode.c.h; path = FACLoadingView.h; sourceTree = "<group>"; };
		87B6F5A721C70C660064EE14 /* FACLoadingView.m */ = {isa = PBXFileReference; lastKnownFileType = sourcecode.c.objc; path = FACLoadingView.m; sourceTree = "<group>"; };
		87B6F5A921C70C810064EE14 /* FACLoadingView.xib */ = {isa = PBXFileReference; lastKnownFileType = file.xib; path = FACLoadingView.xib; sourceTree = "<group>"; };
		87F389E021C58F4100B5F397 /* UIButton+FACAdditions.h */ = {isa = PBXFileReference; lastKnownFileType = sourcecode.c.h; path = "UIButton+FACAdditions.h"; sourceTree = "<group>"; };
		87F389E121C58F4100B5F397 /* UIButton+FACAdditions.m */ = {isa = PBXFileReference; lastKnownFileType = sourcecode.c.objc; path = "UIButton+FACAdditions.m"; sourceTree = "<group>"; };
		87F389E321C5969E00B5F397 /* FACMainPageViewController.h */ = {isa = PBXFileReference; lastKnownFileType = sourcecode.c.h; path = FACMainPageViewController.h; sourceTree = "<group>"; };
		87F389E421C5969E00B5F397 /* FACMainPageViewController.m */ = {isa = PBXFileReference; lastKnownFileType = sourcecode.c.objc; path = FACMainPageViewController.m; sourceTree = "<group>"; };
		87F389E621C59B2400B5F397 /* FACPlaceCellTableViewCell.xib */ = {isa = PBXFileReference; lastKnownFileType = file.xib; path = FACPlaceCellTableViewCell.xib; sourceTree = "<group>"; };
		87F389E821C59F2100B5F397 /* FACPlaceCellTableViewCell.h */ = {isa = PBXFileReference; lastKnownFileType = sourcecode.c.h; path = FACPlaceCellTableViewCell.h; sourceTree = "<group>"; };
		87F389E921C59F2100B5F397 /* FACPlaceCellTableViewCell.m */ = {isa = PBXFileReference; lastKnownFileType = sourcecode.c.objc; path = FACPlaceCellTableViewCell.m; sourceTree = "<group>"; };
		87F389F021C5A5D900B5F397 /* FACPlaceView.h */ = {isa = PBXFileReference; lastKnownFileType = sourcecode.c.h; path = FACPlaceView.h; sourceTree = "<group>"; };
		87F389F121C5A5D900B5F397 /* FACPlaceView.m */ = {isa = PBXFileReference; lastKnownFileType = sourcecode.c.objc; path = FACPlaceView.m; sourceTree = "<group>"; };
		87F389F321C5A5EA00B5F397 /* FACPlaceView.xib */ = {isa = PBXFileReference; lastKnownFileType = file.xib; path = FACPlaceView.xib; sourceTree = "<group>"; };
		87F389FC21C6408B00B5F397 /* FACNetworkManager.m */ = {isa = PBXFileReference; fileEncoding = 4; lastKnownFileType = sourcecode.c.objc; path = FACNetworkManager.m; sourceTree = "<group>"; };
		87F389FD21C6408B00B5F397 /* FACNetworkManager.h */ = {isa = PBXFileReference; fileEncoding = 4; lastKnownFileType = sourcecode.c.h; path = FACNetworkManager.h; sourceTree = "<group>"; };
		87F38A0121C6408B00B5F397 /* FACRequestProtocol.h */ = {isa = PBXFileReference; fileEncoding = 4; lastKnownFileType = sourcecode.c.h; path = FACRequestProtocol.h; sourceTree = "<group>"; };
		87F38A0521C6408B00B5F397 /* FACResponseProtocol.h */ = {isa = PBXFileReference; fileEncoding = 4; lastKnownFileType = sourcecode.c.h; path = FACResponseProtocol.h; sourceTree = "<group>"; };
		87F38A0921C6449600B5F397 /* FACSearchVenuesRequest.h */ = {isa = PBXFileReference; lastKnownFileType = sourcecode.c.h; path = FACSearchVenuesRequest.h; sourceTree = "<group>"; };
		87F38A0A21C6449600B5F397 /* FACSearchVenuesRequest.m */ = {isa = PBXFileReference; lastKnownFileType = sourcecode.c.objc; path = FACSearchVenuesRequest.m; sourceTree = "<group>"; };
		87F38A0D21C649C000B5F397 /* FACMainPageFlow.h */ = {isa = PBXFileReference; lastKnownFileType = sourcecode.c.h; path = FACMainPageFlow.h; sourceTree = "<group>"; };
		87F38A0E21C649C000B5F397 /* FACMainPageFlow.m */ = {isa = PBXFileReference; lastKnownFileType = sourcecode.c.objc; path = FACMainPageFlow.m; sourceTree = "<group>"; };
		A28364F0360E079AC8593885 /* Pods-FoursquareAPIChallengeTests.release.xcconfig */ = {isa = PBXFileReference; includeInIndex = 1; lastKnownFileType = text.xcconfig; name = "Pods-FoursquareAPIChallengeTests.release.xcconfig"; path = "Pods/Target Support Files/Pods-FoursquareAPIChallengeTests/Pods-FoursquareAPIChallengeTests.release.xcconfig"; sourceTree = "<group>"; };
		B574AA08E2A8BAABC4C75931 /* libPods-FoursquareAPIChallenge.a */ = {isa = PBXFileReference; explicitFileType = archive.ar; includeInIndex = 0; path = "libPods-FoursquareAPIChallenge.a"; sourceTree = BUILT_PRODUCTS_DIR; };
		E1E309D50E7942C6D918F86F /* Pods-FoursquareAPIChallenge.debug.xcconfig */ = {isa = PBXFileReference; includeInIndex = 1; lastKnownFileType = text.xcconfig; name = "Pods-FoursquareAPIChallenge.debug.xcconfig"; path = "Pods/Target Support Files/Pods-FoursquareAPIChallenge/Pods-FoursquareAPIChallenge.debug.xcconfig"; sourceTree = "<group>"; };
/* End PBXFileReference section */

/* Begin PBXFrameworksBuildPhase section */
		870AC35721C54F96003C20BC /* Frameworks */ = {
			isa = PBXFrameworksBuildPhase;
			buildActionMask = 2147483647;
			files = (
				0CCF49047E174FE18D403D26 /* libPods-FoursquareAPIChallenge.a in Frameworks */,
			);
			runOnlyForDeploymentPostprocessing = 0;
		};
		870AC36F21C54F97003C20BC /* Frameworks */ = {
			isa = PBXFrameworksBuildPhase;
			buildActionMask = 2147483647;
			files = (
				F62B90850368D783A9048FD0 /* libPods-FoursquareAPIChallengeTests.a in Frameworks */,
			);
			runOnlyForDeploymentPostprocessing = 0;
		};
/* End PBXFrameworksBuildPhase section */

/* Begin PBXGroup section */
		5B99F41859B18F165035F5A8 /* Pods */ = {
			isa = PBXGroup;
			children = (
				E1E309D50E7942C6D918F86F /* Pods-FoursquareAPIChallenge.debug.xcconfig */,
				7C4682D1B925AC33A2EFC2E4 /* Pods-FoursquareAPIChallenge.release.xcconfig */,
				598A36BBB5E04E4C43A7E585 /* Pods-FoursquareAPIChallengeTests.debug.xcconfig */,
				A28364F0360E079AC8593885 /* Pods-FoursquareAPIChallengeTests.release.xcconfig */,
			);
			name = Pods;
			sourceTree = "<group>";
		};
		870AC35121C54F96003C20BC = {
			isa = PBXGroup;
			children = (
				870AC38F21C5673E003C20BC /* FACPrefixHeader.pch */,
				870AC35C21C54F96003C20BC /* FoursquareAPIChallenge */,
				870AC37521C54F97003C20BC /* FoursquareAPIChallengeTests */,
				870AC35B21C54F96003C20BC /* Products */,
				5B99F41859B18F165035F5A8 /* Pods */,
				D58DC8D3F6DA9D8E244E3E8B /* Frameworks */,
			);
			sourceTree = "<group>";
		};
		870AC35B21C54F96003C20BC /* Products */ = {
			isa = PBXGroup;
			children = (
				870AC35A21C54F96003C20BC /* FoursquareAPIChallenge.app */,
				870AC37221C54F97003C20BC /* FoursquareAPIChallengeTests.xctest */,
			);
			name = Products;
			sourceTree = "<group>";
		};
		870AC35C21C54F96003C20BC /* FoursquareAPIChallenge */ = {
			isa = PBXGroup;
			children = (
				87F389FA21C6408B00B5F397 /* Network */,
				870AC38B21C5653B003C20BC /* Extensions */,
				870AC38921C55BB9003C20BC /* Model */,
				870AC38221C55B3D003C20BC /* Modules */,
				870AC38121C55B33003C20BC /* Views */,
				870AC35D21C54F96003C20BC /* AppDelegate.h */,
				870AC35E21C54F96003C20BC /* AppDelegate.m */,
				870AC36321C54F96003C20BC /* Main.storyboard */,
				87A4A1D121C6F9610095B00C /* Fonts */,
				870AC36621C54F97003C20BC /* Assets.xcassets */,
				870AC36821C54F97003C20BC /* LaunchScreen.storyboard */,
				870AC36B21C54F97003C20BC /* Info.plist */,
				870AC36C21C54F97003C20BC /* main.m */,
			);
			path = FoursquareAPIChallenge;
			sourceTree = "<group>";
		};
		870AC37521C54F97003C20BC /* FoursquareAPIChallengeTests */ = {
			isa = PBXGroup;
			children = (
				870AC37621C54F97003C20BC /* FoursquareAPIChallengeTests.m */,
				870AC37821C54F97003C20BC /* Info.plist */,
			);
			path = FoursquareAPIChallengeTests;
			sourceTree = "<group>";
		};
		870AC38121C55B33003C20BC /* Views */ = {
			isa = PBXGroup;
			children = (
				87B6F5A521C70C470064EE14 /* LoadingView */,
				87F389EC21C5A58E00B5F397 /* PlaceView */,
				87F389EB21C59F2600B5F397 /* PlaceCell */,
			);
			path = Views;
			sourceTree = "<group>";
		};
		870AC38221C55B3D003C20BC /* Modules */ = {
			isa = PBXGroup;
			children = (
				87F38A0C21C6486700B5F397 /* Logic Flows */,
				870AC38421C55B6F003C20BC /* Views */,
			);
			path = Modules;
			sourceTree = "<group>";
		};
		870AC38421C55B6F003C20BC /* Views */ = {
			isa = PBXGroup;
			children = (
				87F389E321C5969E00B5F397 /* FACMainPageViewController.h */,
				87F389E421C5969E00B5F397 /* FACMainPageViewController.m */,
				87A4A1AF21C65DB40095B00C /* FACVenuesListTableViewController.h */,
				87A4A1B021C65DB40095B00C /* FACVenuesListTableViewController.m */,
			);
			path = Views;
			sourceTree = "<group>";
		};
		870AC38921C55BB9003C20BC /* Model */ = {
			isa = PBXGroup;
			children = (
			);
			path = Model;
			sourceTree = "<group>";
		};
		870AC38B21C5653B003C20BC /* Extensions */ = {
			isa = PBXGroup;
			children = (
				870AC38C21C56686003C20BC /* UIFont+FACAdditions.h */,
				870AC38D21C56686003C20BC /* UIFont+FACAdditions.m */,
				870AC39021C5882D003C20BC /* UITextField+FACAdditions.h */,
				870AC39121C5882D003C20BC /* UITextField+FACAdditions.m */,
				87F389E021C58F4100B5F397 /* UIButton+FACAdditions.h */,
				87F389E121C58F4100B5F397 /* UIButton+FACAdditions.m */,
				87A4A1CB21C6C14A0095B00C /* UIView+FACAdditions.h */,
				87A4A1CC21C6C14A0095B00C /* UIView+FACAdditions.m */,
				87A4A1CE21C6F2780095B00C /* UIViewController+FACAdditions.h */,
				87A4A1CF21C6F2780095B00C /* UIViewController+FACAdditions.m */,
			);
			path = Extensions;
			sourceTree = "<group>";
		};
		87A4A1B821C675340095B00C /* Models */ = {
			isa = PBXGroup;
			children = (
				87A4A1B921C675460095B00C /* FACVenue.h */,
				87A4A1BA21C675460095B00C /* FACVenue.m */,
				87A4A1BC21C6758F0095B00C /* FACLocation.h */,
				87A4A1BD21C6758F0095B00C /* FACLocation.m */,
			);
			path = Models;
			sourceTree = "<group>";
		};
		87A4A1D121C6F9610095B00C /* Fonts */ = {
			isa = PBXGroup;
			children = (
				87A4A1DB21C6F9690095B00C /* SF-Pro-Text-Bold.otf */,
				87A4A1D821C6F9690095B00C /* SF-Pro-Text-Light.otf */,
				87A4A1DD21C6F96A0095B00C /* SF-Pro-Text-Medium.otf */,
				87A4A1D421C6F9690095B00C /* SF-Pro-Text-Regular.otf */,
				87A4A1D721C6F9690095B00C /* SF-Pro-Text-Semibold.otf */,
			);
			path = Fonts;
			sourceTree = "<group>";
		};
		87B6F5A521C70C470064EE14 /* LoadingView */ = {
			isa = PBXGroup;
			children = (
				87B6F5A621C70C660064EE14 /* FACLoadingView.h */,
				87B6F5A721C70C660064EE14 /* FACLoadingView.m */,
				87B6F5A921C70C810064EE14 /* FACLoadingView.xib */,
			);
			path = LoadingView;
			sourceTree = "<group>";
		};
		87F389EB21C59F2600B5F397 /* PlaceCell */ = {
			isa = PBXGroup;
			children = (
				87F389E621C59B2400B5F397 /* FACPlaceCellTableViewCell.xib */,
				87F389E821C59F2100B5F397 /* FACPlaceCellTableViewCell.h */,
				87F389E921C59F2100B5F397 /* FACPlaceCellTableViewCell.m */,
			);
			path = PlaceCell;
			sourceTree = "<group>";
		};
		87F389EC21C5A58E00B5F397 /* PlaceView */ = {
			isa = PBXGroup;
			children = (
				87F389F021C5A5D900B5F397 /* FACPlaceView.h */,
				87F389F121C5A5D900B5F397 /* FACPlaceView.m */,
				87F389F321C5A5EA00B5F397 /* FACPlaceView.xib */,
			);
			path = PlaceView;
			sourceTree = "<group>";
		};
		87F389FA21C6408B00B5F397 /* Network */ = {
			isa = PBXGroup;
			children = (
				87F38A0121C6408B00B5F397 /* FACRequestProtocol.h */,
				87A4A1B821C675340095B00C /* Models */,
				87F38A0521C6408B00B5F397 /* FACResponseProtocol.h */,
				87F389FB21C6408B00B5F397 /* NetworkManager */,
				87F389FE21C6408B00B5F397 /* Response */,
				87F38A0221C6408B00B5F397 /* Request */,
			);
			path = Network;
			sourceTree = "<group>";
		};
		87F389FB21C6408B00B5F397 /* NetworkManager */ = {
			isa = PBXGroup;
			children = (
				87F389FC21C6408B00B5F397 /* FACNetworkManager.m */,
				87F389FD21C6408B00B5F397 /* FACNetworkManager.h */,
			);
			path = NetworkManager;
			sourceTree = "<group>";
		};
		87F389FE21C6408B00B5F397 /* Response */ = {
			isa = PBXGroup;
			children = (
				87A4A1B521C674C00095B00C /* FACSearchVenuesResponse.h */,
				87A4A1B621C674C00095B00C /* FACSearchVenuesResponse.m */,
				87A4A1C521C6B18F0095B00C /* FACDetailsVenueResponse.h */,
				87A4A1C621C6B18F0095B00C /* FACDetailsVenueResponse.m */,
			);
			path = Response;
			sourceTree = "<group>";
		};
		87F38A0221C6408B00B5F397 /* Request */ = {
			isa = PBXGroup;
			children = (
				87F38A0921C6449600B5F397 /* FACSearchVenuesRequest.h */,
				87F38A0A21C6449600B5F397 /* FACSearchVenuesRequest.m */,
				87A4A1B221C66BF00095B00C /* FACBaseRequest.h */,
				87A4A1B321C66BF00095B00C /* FACBaseRequest.m */,
				87A4A1C821C6BB260095B00C /* FACDetailsVenueRequest.h */,
				87A4A1C921C6BB260095B00C /* FACDetailsVenueRequest.m */,
			);
			path = Request;
			sourceTree = "<group>";
		};
		87F38A0C21C6486700B5F397 /* Logic Flows */ = {
			isa = PBXGroup;
			children = (
				87F38A0D21C649C000B5F397 /* FACMainPageFlow.h */,
				87F38A0E21C649C000B5F397 /* FACMainPageFlow.m */,
				87A4A1C221C6918D0095B00C /* FACVenuesListFlow.h */,
				87A4A1C321C6918D0095B00C /* FACVenuesListFlow.m */,
			);
			path = "Logic Flows";
			sourceTree = "<group>";
		};
		D58DC8D3F6DA9D8E244E3E8B /* Frameworks */ = {
			isa = PBXGroup;
			children = (
				B574AA08E2A8BAABC4C75931 /* libPods-FoursquareAPIChallenge.a */,
				503490AC2143E287DB033DCE /* libPods-FoursquareAPIChallengeTests.a */,
			);
			name = Frameworks;
			sourceTree = "<group>";
		};
/* End PBXGroup section */

/* Begin PBXNativeTarget section */
		870AC35921C54F96003C20BC /* FoursquareAPIChallenge */ = {
			isa = PBXNativeTarget;
			buildConfigurationList = 870AC37B21C54F97003C20BC /* Build configuration list for PBXNativeTarget "FoursquareAPIChallenge" */;
			buildPhases = (
				7E16270C818BAB20369776EA /* [CP] Check Pods Manifest.lock */,
				870AC35621C54F96003C20BC /* Sources */,
				870AC35721C54F96003C20BC /* Frameworks */,
				870AC35821C54F96003C20BC /* Resources */,
			);
			buildRules = (
			);
			dependencies = (
			);
			name = FoursquareAPIChallenge;
			productName = FoursquareAPIChallenge;
			productReference = 870AC35A21C54F96003C20BC /* FoursquareAPIChallenge.app */;
			productType = "com.apple.product-type.application";
		};
		870AC37121C54F97003C20BC /* FoursquareAPIChallengeTests */ = {
			isa = PBXNativeTarget;
			buildConfigurationList = 870AC37E21C54F97003C20BC /* Build configuration list for PBXNativeTarget "FoursquareAPIChallengeTests" */;
			buildPhases = (
				798C8A25D5723BEB233C02AE /* [CP] Check Pods Manifest.lock */,
				870AC36E21C54F97003C20BC /* Sources */,
				870AC36F21C54F97003C20BC /* Frameworks */,
				870AC37021C54F97003C20BC /* Resources */,
			);
			buildRules = (
			);
			dependencies = (
				870AC37421C54F97003C20BC /* PBXTargetDependency */,
			);
			name = FoursquareAPIChallengeTests;
			productName = FoursquareAPIChallengeTests;
			productReference = 870AC37221C54F97003C20BC /* FoursquareAPIChallengeTests.xctest */;
			productType = "com.apple.product-type.bundle.unit-test";
		};
/* End PBXNativeTarget section */

/* Begin PBXProject section */
		870AC35221C54F96003C20BC /* Project object */ = {
			isa = PBXProject;
			attributes = {
				LastUpgradeCheck = 1010;
				ORGANIZATIONNAME = erdikanik;
				TargetAttributes = {
					870AC35921C54F96003C20BC = {
						CreatedOnToolsVersion = 10.1;
					};
					870AC37121C54F97003C20BC = {
						CreatedOnToolsVersion = 10.1;
						TestTargetID = 870AC35921C54F96003C20BC;
					};
				};
			};
			buildConfigurationList = 870AC35521C54F96003C20BC /* Build configuration list for PBXProject "FoursquareAPIChallenge" */;
			compatibilityVersion = "Xcode 9.3";
			developmentRegion = en;
			hasScannedForEncodings = 0;
			knownRegions = (
				en,
				Base,
			);
			mainGroup = 870AC35121C54F96003C20BC;
			productRefGroup = 870AC35B21C54F96003C20BC /* Products */;
			projectDirPath = "";
			projectRoot = "";
			targets = (
				870AC35921C54F96003C20BC /* FoursquareAPIChallenge */,
				870AC37121C54F97003C20BC /* FoursquareAPIChallengeTests */,
			);
		};
/* End PBXProject section */

/* Begin PBXResourcesBuildPhase section */
		870AC35821C54F96003C20BC /* Resources */ = {
			isa = PBXResourcesBuildPhase;
			buildActionMask = 2147483647;
			files = (
				87F389E721C59B2400B5F397 /* FACPlaceCellTableViewCell.xib in Resources */,
				870AC36A21C54F97003C20BC /* LaunchScreen.storyboard in Resources */,
				870AC36721C54F97003C20BC /* Assets.xcassets in Resources */,
				870AC36521C54F96003C20BC /* Main.storyboard in Resources */,
				87F389F421C5A5EA00B5F397 /* FACPlaceView.xib in Resources */,
				87A4A1DE21C6FD530095B00C /* SF-Pro-Text-Bold.otf in Resources */,
				87A4A1DF21C6FD530095B00C /* SF-Pro-Text-Light.otf in Resources */,
				87A4A1E021C6FD530095B00C /* SF-Pro-Text-Medium.otf in Resources */,
				87A4A1E121C6FD530095B00C /* SF-Pro-Text-Regular.otf in Resources */,
				87B6F5AA21C70C810064EE14 /* FACLoadingView.xib in Resources */,
				87A4A1E221C6FD530095B00C /* SF-Pro-Text-Semibold.otf in Resources */,
			);
			runOnlyForDeploymentPostprocessing = 0;
		};
		870AC37021C54F97003C20BC /* Resources */ = {
			isa = PBXResourcesBuildPhase;
			buildActionMask = 2147483647;
			files = (
			);
			runOnlyForDeploymentPostprocessing = 0;
		};
/* End PBXResourcesBuildPhase section */

/* Begin PBXShellScriptBuildPhase section */
		798C8A25D5723BEB233C02AE /* [CP] Check Pods Manifest.lock */ = {
			isa = PBXShellScriptBuildPhase;
			buildActionMask = 2147483647;
			files = (
			);
			inputPaths = (
				"${PODS_PODFILE_DIR_PATH}/Podfile.lock",
				"${PODS_ROOT}/Manifest.lock",
			);
			name = "[CP] Check Pods Manifest.lock";
			outputPaths = (
				"$(DERIVED_FILE_DIR)/Pods-FoursquareAPIChallengeTests-checkManifestLockResult.txt",
			);
			runOnlyForDeploymentPostprocessing = 0;
			shellPath = /bin/sh;
			shellScript = "diff \"${PODS_PODFILE_DIR_PATH}/Podfile.lock\" \"${PODS_ROOT}/Manifest.lock\" > /dev/null\nif [ $? != 0 ] ; then\n    # print error to STDERR\n    echo \"error: The sandbox is not in sync with the Podfile.lock. Run 'pod install' or update your CocoaPods installation.\" >&2\n    exit 1\nfi\n# This output is used by Xcode 'outputs' to avoid re-running this script phase.\necho \"SUCCESS\" > \"${SCRIPT_OUTPUT_FILE_0}\"\n";
			showEnvVarsInLog = 0;
		};
		7E16270C818BAB20369776EA /* [CP] Check Pods Manifest.lock */ = {
			isa = PBXShellScriptBuildPhase;
			buildActionMask = 2147483647;
			files = (
			);
			inputPaths = (
				"${PODS_PODFILE_DIR_PATH}/Podfile.lock",
				"${PODS_ROOT}/Manifest.lock",
			);
			name = "[CP] Check Pods Manifest.lock";
			outputPaths = (
				"$(DERIVED_FILE_DIR)/Pods-FoursquareAPIChallenge-checkManifestLockResult.txt",
			);
			runOnlyForDeploymentPostprocessing = 0;
			shellPath = /bin/sh;
			shellScript = "diff \"${PODS_PODFILE_DIR_PATH}/Podfile.lock\" \"${PODS_ROOT}/Manifest.lock\" > /dev/null\nif [ $? != 0 ] ; then\n    # print error to STDERR\n    echo \"error: The sandbox is not in sync with the Podfile.lock. Run 'pod install' or update your CocoaPods installation.\" >&2\n    exit 1\nfi\n# This output is used by Xcode 'outputs' to avoid re-running this script phase.\necho \"SUCCESS\" > \"${SCRIPT_OUTPUT_FILE_0}\"\n";
			showEnvVarsInLog = 0;
		};
/* End PBXShellScriptBuildPhase section */

/* Begin PBXSourcesBuildPhase section */
		870AC35621C54F96003C20BC /* Sources */ = {
			isa = PBXSourcesBuildPhase;
			buildActionMask = 2147483647;
			files = (
				87A4A1B121C65DB40095B00C /* FACVenuesListTableViewController.m in Sources */,
				87F389EA21C59F2100B5F397 /* FACPlaceCellTableViewCell.m in Sources */,
				870AC39221C5882D003C20BC /* UITextField+FACAdditions.m in Sources */,
				87A4A1BB21C675460095B00C /* FACVenue.m in Sources */,
				87A4A1CD21C6C14A0095B00C /* UIView+FACAdditions.m in Sources */,
				87A4A1D021C6F2780095B00C /* UIViewController+FACAdditions.m in Sources */,
				87F38A0621C6408B00B5F397 /* FACNetworkManager.m in Sources */,
				87A4A1B421C66BF00095B00C /* FACBaseRequest.m in Sources */,
				87F38A0F21C649C000B5F397 /* FACMainPageFlow.m in Sources */,
				870AC36D21C54F97003C20BC /* main.m in Sources */,
				87F389F221C5A5D900B5F397 /* FACPlaceView.m in Sources */,
				870AC35F21C54F96003C20BC /* AppDelegate.m in Sources */,
				87A4A1B721C674C00095B00C /* FACSearchVenuesResponse.m in Sources */,
				87A4A1C421C6918D0095B00C /* FACVenuesListFlow.m in Sources */,
				87A4A1CA21C6BB260095B00C /* FACDetailsVenueRequest.m in Sources */,
				87A4A1BE21C6758F0095B00C /* FACLocation.m in Sources */,
				87F389E521C5969E00B5F397 /* FACMainPageViewController.m in Sources */,
				87B6F5A821C70C660064EE14 /* FACLoadingView.m in Sources */,
				87F389E221C58F4100B5F397 /* UIButton+FACAdditions.m in Sources */,
				87F38A0B21C6449600B5F397 /* FACSearchVenuesRequest.m in Sources */,
				87A4A1C721C6B18F0095B00C /* FACDetailsVenueResponse.m in Sources */,
				870AC38E21C56686003C20BC /* UIFont+FACAdditions.m in Sources */,
			);
			runOnlyForDeploymentPostprocessing = 0;
		};
		870AC36E21C54F97003C20BC /* Sources */ = {
			isa = PBXSourcesBuildPhase;
			buildActionMask = 2147483647;
			files = (
				870AC37721C54F97003C20BC /* FoursquareAPIChallengeTests.m in Sources */,
			);
			runOnlyForDeploymentPostprocessing = 0;
		};
/* End PBXSourcesBuildPhase section */

/* Begin PBXTargetDependency section */
		870AC37421C54F97003C20BC /* PBXTargetDependency */ = {
			isa = PBXTargetDependency;
			target = 870AC35921C54F96003C20BC /* FoursquareAPIChallenge */;
			targetProxy = 870AC37321C54F97003C20BC /* PBXContainerItemProxy */;
		};
/* End PBXTargetDependency section */

/* Begin PBXVariantGroup section */
		870AC36321C54F96003C20BC /* Main.storyboard */ = {
			isa = PBXVariantGroup;
			children = (
				870AC36421C54F96003C20BC /* Base */,
			);
			name = Main.storyboard;
			sourceTree = "<group>";
		};
		870AC36821C54F97003C20BC /* LaunchScreen.storyboard */ = {
			isa = PBXVariantGroup;
			children = (
				870AC36921C54F97003C20BC /* Base */,
			);
			name = LaunchScreen.storyboard;
			sourceTree = "<group>";
		};
/* End PBXVariantGroup section */

/* Begin XCBuildConfiguration section */
		870AC37921C54F97003C20BC /* Debug */ = {
			isa = XCBuildConfiguration;
			buildSettings = {
				ALWAYS_SEARCH_USER_PATHS = NO;
				CLANG_ANALYZER_NONNULL = YES;
				CLANG_ANALYZER_NUMBER_OBJECT_CONVERSION = YES_AGGRESSIVE;
				CLANG_CXX_LANGUAGE_STANDARD = "gnu++14";
				CLANG_CXX_LIBRARY = "libc++";
				CLANG_ENABLE_MODULES = YES;
				CLANG_ENABLE_OBJC_ARC = YES;
				CLANG_ENABLE_OBJC_WEAK = YES;
				CLANG_WARN_BLOCK_CAPTURE_AUTORELEASING = YES;
				CLANG_WARN_BOOL_CONVERSION = YES;
				CLANG_WARN_COMMA = YES;
				CLANG_WARN_CONSTANT_CONVERSION = YES;
				CLANG_WARN_DEPRECATED_OBJC_IMPLEMENTATIONS = YES;
				CLANG_WARN_DIRECT_OBJC_ISA_USAGE = YES_ERROR;
				CLANG_WARN_DOCUMENTATION_COMMENTS = YES;
				CLANG_WARN_EMPTY_BODY = YES;
				CLANG_WARN_ENUM_CONVERSION = YES;
				CLANG_WARN_INFINITE_RECURSION = YES;
				CLANG_WARN_INT_CONVERSION = YES;
				CLANG_WARN_NON_LITERAL_NULL_CONVERSION = YES;
				CLANG_WARN_OBJC_IMPLICIT_RETAIN_SELF = YES;
				CLANG_WARN_OBJC_LITERAL_CONVERSION = YES;
				CLANG_WARN_OBJC_ROOT_CLASS = YES_ERROR;
				CLANG_WARN_RANGE_LOOP_ANALYSIS = YES;
				CLANG_WARN_STRICT_PROTOTYPES = YES;
				CLANG_WARN_SUSPICIOUS_MOVE = YES;
				CLANG_WARN_UNGUARDED_AVAILABILITY = YES_AGGRESSIVE;
				CLANG_WARN_UNREACHABLE_CODE = YES;
				CLANG_WARN__DUPLICATE_METHOD_MATCH = YES;
				CODE_SIGN_IDENTITY = "iPhone Developer";
				COPY_PHASE_STRIP = NO;
				DEBUG_INFORMATION_FORMAT = dwarf;
				ENABLE_STRICT_OBJC_MSGSEND = YES;
				ENABLE_TESTABILITY = YES;
				GCC_C_LANGUAGE_STANDARD = gnu11;
				GCC_DYNAMIC_NO_PIC = NO;
				GCC_NO_COMMON_BLOCKS = YES;
				GCC_OPTIMIZATION_LEVEL = 0;
				GCC_PREPROCESSOR_DEFINITIONS = (
					"DEBUG=1",
					"$(inherited)",
				);
				GCC_WARN_64_TO_32_BIT_CONVERSION = YES;
				GCC_WARN_ABOUT_RETURN_TYPE = YES_ERROR;
				GCC_WARN_UNDECLARED_SELECTOR = YES;
				GCC_WARN_UNINITIALIZED_AUTOS = YES_AGGRESSIVE;
				GCC_WARN_UNUSED_FUNCTION = YES;
				GCC_WARN_UNUSED_VARIABLE = YES;
				IPHONEOS_DEPLOYMENT_TARGET = 12.1;
				MTL_ENABLE_DEBUG_INFO = INCLUDE_SOURCE;
				MTL_FAST_MATH = YES;
				ONLY_ACTIVE_ARCH = YES;
				SDKROOT = iphoneos;
			};
			name = Debug;
		};
		870AC37A21C54F97003C20BC /* Release */ = {
			isa = XCBuildConfiguration;
			buildSettings = {
				ALWAYS_SEARCH_USER_PATHS = NO;
				CLANG_ANALYZER_NONNULL = YES;
				CLANG_ANALYZER_NUMBER_OBJECT_CONVERSION = YES_AGGRESSIVE;
				CLANG_CXX_LANGUAGE_STANDARD = "gnu++14";
				CLANG_CXX_LIBRARY = "libc++";
				CLANG_ENABLE_MODULES = YES;
				CLANG_ENABLE_OBJC_ARC = YES;
				CLANG_ENABLE_OBJC_WEAK = YES;
				CLANG_WARN_BLOCK_CAPTURE_AUTORELEASING = YES;
				CLANG_WARN_BOOL_CONVERSION = YES;
				CLANG_WARN_COMMA = YES;
				CLANG_WARN_CONSTANT_CONVERSION = YES;
				CLANG_WARN_DEPRECATED_OBJC_IMPLEMENTATIONS = YES;
				CLANG_WARN_DIRECT_OBJC_ISA_USAGE = YES_ERROR;
				CLANG_WARN_DOCUMENTATION_COMMENTS = YES;
				CLANG_WARN_EMPTY_BODY = YES;
				CLANG_WARN_ENUM_CONVERSION = YES;
				CLANG_WARN_INFINITE_RECURSION = YES;
				CLANG_WARN_INT_CONVERSION = YES;
				CLANG_WARN_NON_LITERAL_NULL_CONVERSION = YES;
				CLANG_WARN_OBJC_IMPLICIT_RETAIN_SELF = YES;
				CLANG_WARN_OBJC_LITERAL_CONVERSION = YES;
				CLANG_WARN_OBJC_ROOT_CLASS = YES_ERROR;
				CLANG_WARN_RANGE_LOOP_ANALYSIS = YES;
				CLANG_WARN_STRICT_PROTOTYPES = YES;
				CLANG_WARN_SUSPICIOUS_MOVE = YES;
				CLANG_WARN_UNGUARDED_AVAILABILITY = YES_AGGRESSIVE;
				CLANG_WARN_UNREACHABLE_CODE = YES;
				CLANG_WARN__DUPLICATE_METHOD_MATCH = YES;
				CODE_SIGN_IDENTITY = "iPhone Developer";
				COPY_PHASE_STRIP = NO;
				DEBUG_INFORMATION_FORMAT = "dwarf-with-dsym";
				ENABLE_NS_ASSERTIONS = NO;
				ENABLE_STRICT_OBJC_MSGSEND = YES;
				GCC_C_LANGUAGE_STANDARD = gnu11;
				GCC_NO_COMMON_BLOCKS = YES;
				GCC_WARN_64_TO_32_BIT_CONVERSION = YES;
				GCC_WARN_ABOUT_RETURN_TYPE = YES_ERROR;
				GCC_WARN_UNDECLARED_SELECTOR = YES;
				GCC_WARN_UNINITIALIZED_AUTOS = YES_AGGRESSIVE;
				GCC_WARN_UNUSED_FUNCTION = YES;
				GCC_WARN_UNUSED_VARIABLE = YES;
				IPHONEOS_DEPLOYMENT_TARGET = 12.1;
				MTL_ENABLE_DEBUG_INFO = NO;
				MTL_FAST_MATH = YES;
				SDKROOT = iphoneos;
				VALIDATE_PRODUCT = YES;
			};
			name = Release;
		};
		870AC37C21C54F97003C20BC /* Debug */ = {
			isa = XCBuildConfiguration;
			baseConfigurationReference = E1E309D50E7942C6D918F86F /* Pods-FoursquareAPIChallenge.debug.xcconfig */;
			buildSettings = {
				ASSETCATALOG_COMPILER_APPICON_NAME = AppIcon;
				CODE_SIGN_STYLE = Automatic;
				DEVELOPMENT_TEAM = PD29HUEAAC;
				GCC_PREFIX_HEADER = FACPrefixHeader.pch;
				INFOPLIST_FILE = FoursquareAPIChallenge/Info.plist;
				IPHONEOS_DEPLOYMENT_TARGET = 8.0;
				LD_RUNPATH_SEARCH_PATHS = (
					"$(inherited)",
					"@executable_path/Frameworks",
				);
				PRODUCT_BUNDLE_IDENTIFIER = inv.erdikanik.FoursquareAPIChallenge;
				PRODUCT_NAME = "$(TARGET_NAME)";
				TARGETED_DEVICE_FAMILY = "1,2";
			};
			name = Debug;
		};
		870AC37D21C54F97003C20BC /* Release */ = {
			isa = XCBuildConfiguration;
			baseConfigurationReference = 7C4682D1B925AC33A2EFC2E4 /* Pods-FoursquareAPIChallenge.release.xcconfig */;
			buildSettings = {
				ASSETCATALOG_COMPILER_APPICON_NAME = AppIcon;
				CODE_SIGN_STYLE = Automatic;
				DEVELOPMENT_TEAM = PD29HUEAAC;
				GCC_PREFIX_HEADER = FACPrefixHeader.pch;
				INFOPLIST_FILE = FoursquareAPIChallenge/Info.plist;
				IPHONEOS_DEPLOYMENT_TARGET = 8.0;
				LD_RUNPATH_SEARCH_PATHS = (
					"$(inherited)",
					"@executable_path/Frameworks",
				);
				PRODUCT_BUNDLE_IDENTIFIER = inv.erdikanik.FoursquareAPIChallenge;
				PRODUCT_NAME = "$(TARGET_NAME)";
				TARGETED_DEVICE_FAMILY = "1,2";
			};
			name = Release;
		};
		870AC37F21C54F97003C20BC /* Debug */ = {
			isa = XCBuildConfiguration;
			baseConfigurationReference = 598A36BBB5E04E4C43A7E585 /* Pods-FoursquareAPIChallengeTests.debug.xcconfig */;
			buildSettings = {
				BUNDLE_LOADER = "$(TEST_HOST)";
				CODE_SIGN_STYLE = Automatic;
				DEVELOPMENT_TEAM = PD29HUEAAC;
				INFOPLIST_FILE = FoursquareAPIChallengeTests/Info.plist;
				LD_RUNPATH_SEARCH_PATHS = (
					"$(inherited)",
					"@executable_path/Frameworks",
					"@loader_path/Frameworks",
				);
				PRODUCT_BUNDLE_IDENTIFIER = inv.erdikanik.FoursquareAPIChallengeTests;
				PRODUCT_NAME = "$(TARGET_NAME)";
				TARGETED_DEVICE_FAMILY = "1,2";
				TEST_HOST = "$(BUILT_PRODUCTS_DIR)/FoursquareAPIChallenge.app/FoursquareAPIChallenge";
			};
			name = Debug;
		};
		870AC38021C54F97003C20BC /* Release */ = {
			isa = XCBuildConfiguration;
			baseConfigurationReference = A28364F0360E079AC8593885 /* Pods-FoursquareAPIChallengeTests.release.xcconfig */;
			buildSettings = {
				BUNDLE_LOADER = "$(TEST_HOST)";
				CODE_SIGN_STYLE = Automatic;
				DEVELOPMENT_TEAM = PD29HUEAAC;
				INFOPLIST_FILE = FoursquareAPIChallengeTests/Info.plist;
				LD_RUNPATH_SEARCH_PATHS = (
					"$(inherited)",
					"@executable_path/Frameworks",
					"@loader_path/Frameworks",
				);
				PRODUCT_BUNDLE_IDENTIFIER = inv.erdikanik.FoursquareAPIChallengeTests;
				PRODUCT_NAME = "$(TARGET_NAME)";
				TARGETED_DEVICE_FAMILY = "1,2";
				TEST_HOST = "$(BUILT_PRODUCTS_DIR)/FoursquareAPIChallenge.app/FoursquareAPIChallenge";
			};
			name = Release;
		};
/* End XCBuildConfiguration section */

/* Begin XCConfigurationList section */
		870AC35521C54F96003C20BC /* Build configuration list for PBXProject "FoursquareAPIChallenge" */ = {
			isa = XCConfigurationList;
			buildConfigurations = (
				870AC37921C54F97003C20BC /* Debug */,
				870AC37A21C54F97003C20BC /* Release */,
			);
			defaultConfigurationIsVisible = 0;
			defaultConfigurationName = Release;
		};
		870AC37B21C54F97003C20BC /* Build configuration list for PBXNativeTarget "FoursquareAPIChallenge" */ = {
			isa = XCConfigurationList;
			buildConfigurations = (
				870AC37C21C54F97003C20BC /* Debug */,
				870AC37D21C54F97003C20BC /* Release */,
			);
			defaultConfigurationIsVisible = 0;
			defaultConfigurationName = Release;
		};
		870AC37E21C54F97003C20BC /* Build configuration list for PBXNativeTarget "FoursquareAPIChallengeTests" */ = {
			isa = XCConfigurationList;
			buildConfigurations = (
				870AC37F21C54F97003C20BC /* Debug */,
				870AC38021C54F97003C20BC /* Release */,
			);
			defaultConfigurationIsVisible = 0;
			defaultConfigurationName = Release;
		};
/* End XCConfigurationList section */
	};
	rootObject = 870AC35221C54F96003C20BC /* Project object */;
}
